
Microsoft Visual Studio Solution File, Format Version 12.00
# Visual Studio 2012
Project("{FAE04EC0-301F-11D3-BF4B-00C04F79EFBC}") = "AspCoreEmpty", "AspCoreEmpty\AspCoreEmpty.csproj", "{A2A386A7-2F14-4A53-AD68-14A0B806DC62}"
EndProject
Project("{E53339B2-1760-4266-BCC7-CA923CBCF16C}") = "docker-compose", "docker-compose.dcproj", "{D44B8CC0-1C30-4E38-8847-FA58177C1A07}"
EndProject
Global
	GlobalSection(SolutionConfigurationPlatforms) = preSolution
		Debug|Any CPU = Debug|Any CPU
		Release|Any CPU = Release|Any CPU
	EndGlobalSection
	GlobalSection(ProjectConfigurationPlatforms) = postSolution
		{A2A386A7-2F14-4A53-AD68-14A0B806DC62}.Debug|Any CPU.ActiveCfg = Debug|Any CPU
		{A2A386A7-2F14-4A53-AD68-14A0B806DC62}.Debug|Any CPU.Build.0 = Debug|Any CPU
		{A2A386A7-2F14-4A53-AD68-14A0B806DC62}.Release|Any CPU.ActiveCfg = Release|Any CPU
		{A2A386A7-2F14-4A53-AD68-14A0B806DC62}.Release|Any CPU.Build.0 = Release|Any CPU
		{D44B8CC0-1C30-4E38-8847-FA58177C1A07}.Debug|Any CPU.ActiveCfg = Debug|Any CPU
		{D44B8CC0-1C30-4E38-8847-FA58177C1A07}.Debug|Any CPU.Build.0 = Debug|Any CPU
		{D44B8CC0-1C30-4E38-8847-FA58177C1A07}.Release|Any CPU.ActiveCfg = Release|Any CPU
		{D44B8CC0-1C30-4E38-8847-FA58177C1A07}.Release|Any CPU.Build.0 = Release|Any CPU
	EndGlobalSection
EndGlobal
